
Microsoft Visual Studio Solution File, Format Version 12.00
# Visual Studio Version 17
VisualStudioVersion = 17.10.35122.118
MinimumVisualStudioVersion = 10.0.40219.1
Project("{FAE04EC0-301F-11D3-BF4B-00C04F79EFBC}") = "Forms_01", "Forms_01.csproj", "{302EA005-249B-43BF-B428-9CE5B4831635}"
EndProject
Global
	GlobalSection(SolutionConfigurationPlatforms) = preSolution
		Debug|Any CPU = Debug|Any CPU
		Release|Any CPU = Release|Any CPU
	EndGlobalSection
	GlobalSection(ProjectConfigurationPlatforms) = postSolution
		{302EA005-249B-43BF-B428-9CE5B4831635}.Debug|Any CPU.ActiveCfg = Debug|Any CPU
		{302EA005-249B-43BF-B428-9CE5B4831635}.Debug|Any CPU.Build.0 = Debug|Any CPU
		{302EA005-249B-43BF-B428-9CE5B4831635}.Release|Any CPU.ActiveCfg = Release|Any CPU
		{302EA005-249B-43BF-B428-9CE5B4831635}.Release|Any CPU.Build.0 = Release|Any CPU
	EndGlobalSection
	GlobalSection(SolutionProperties) = preSolution
		HideSolutionNode = FALSE
	EndGlobalSection
	GlobalSection(ExtensibilityGlobals) = postSolution
		SolutionGuid = {37C6E76D-9873-46CF-A172-FBC60F6395CE}
	EndGlobalSection
EndGlobal
